
Microsoft Visual Studio Solution File, Format Version 12.00
# Visual Studio 15
VisualStudioVersion = 15.0.26730.3
MinimumVisualStudioVersion = 10.0.40219.1
Project("{FAE04EC0-301F-11D3-BF4B-00C04F79EFBC}") = "PipeClient_WinForm", "PipeClient_WinForm\PipeClient_WinForm.csproj", "{BCDC20DC-E596-43CF-A666-B64A315893F7}"
EndProject
Global
	GlobalSection(SolutionConfigurationPlatforms) = preSolution
		Debug|Any CPU = Debug|Any CPU
		Release|Any CPU = Release|Any CPU
	EndGlobalSection
	GlobalSection(ProjectConfigurationPlatforms) = postSolution
		{BCDC20DC-E596-43CF-A666-B64A315893F7}.Debug|Any CPU.ActiveCfg = Debug|Any CPU
		{BCDC20DC-E596-43CF-A666-B64A315893F7}.Debug|Any CPU.Build.0 = Debug|Any CPU
		{BCDC20DC-E596-43CF-A666-B64A315893F7}.Release|Any CPU.ActiveCfg = Release|Any CPU
		{BCDC20DC-E596-43CF-A666-B64A315893F7}.Release|Any CPU.Build.0 = Release|Any CPU
	EndGlobalSection
	GlobalSection(SolutionProperties) = preSolution
		HideSolutionNode = FALSE
	EndGlobalSection
	GlobalSection(ExtensibilityGlobals) = postSolution
		SolutionGuid = {C1205816-3FA5-4D24-BF82-C53415677332}
	EndGlobalSection
EndGlobal
